
Microsoft Visual Studio Solution File, Format Version 12.00
# Visual Studio Version 17
VisualStudioVersion = 17.11.35312.102
MinimumVisualStudioVersion = 10.0.40219.1
Project("{FAE04EC0-301F-11D3-BF4B-00C04F79EFBC}") = "Blazor_MVC", "Blazor_MVC\Blazor_MVC.csproj", "{4FA9E933-53D9-4F2E-B83E-F64B21DC4E56}"
EndProject
Global
	GlobalSection(SolutionConfigurationPlatforms) = preSolution
		Debug|Any CPU = Debug|Any CPU
		Release|Any CPU = Release|Any CPU
	EndGlobalSection
	GlobalSection(ProjectConfigurationPlatforms) = postSolution
		{4FA9E933-53D9-4F2E-B83E-F64B21DC4E56}.Debug|Any CPU.ActiveCfg = Debug|Any CPU
		{4FA9E933-53D9-4F2E-B83E-F64B21DC4E56}.Debug|Any CPU.Build.0 = Debug|Any CPU
		{4FA9E933-53D9-4F2E-B83E-F64B21DC4E56}.Release|Any CPU.ActiveCfg = Release|Any CPU
		{4FA9E933-53D9-4F2E-B83E-F64B21DC4E56}.Release|Any CPU.Build.0 = Release|Any CPU
	EndGlobalSection
	GlobalSection(SolutionProperties) = preSolution
		HideSolutionNode = FALSE
	EndGlobalSection
	GlobalSection(ExtensibilityGlobals) = postSolution
		SolutionGuid = {53DF2462-0FA9-41F2-B145-A42A538EC968}
	EndGlobalSection
EndGlobal
